
Microsoft Visual Studio Solution File, Format Version 12.00
# Visual Studio Version 16
VisualStudioVersion = 16.0.29709.97
MinimumVisualStudioVersion = 10.0.40219.1
Project("{9A19103F-16F7-4668-BE54-9A1E7A4F7556}") = "Brooksoft.Apps", "AppsDesktop\Brooksoft.Apps.csproj", "{E187AFE6-975D-41DB-87FE-9B36BB10A917}"
EndProject
Project("{9A19103F-16F7-4668-BE54-9A1E7A4F7556}") = "Brooksoft.Apps.Client", "AppsClassLibrary\Brooksoft.Apps.Client.csproj", "{17629C26-40A1-4CA7-80E9-B69444E72CA1}"
EndProject
Project("{9A19103F-16F7-4668-BE54-9A1E7A4F7556}") = "Brooksoft.Apps.Test", "Brooksoft.Apps.Test\Brooksoft.Apps.Test.csproj", "{A83B187D-989F-4174-98DA-B853A4A633AB}"
EndProject
Project("{FAE04EC0-301F-11D3-BF4B-00C04F79EFBC}") = "AppsJSClassLib", "AppsJSClassLib\AppsJSClassLib.csproj", "{E75A952F-99C0-4B40-8CC2-E256B40DCFED}"
EndProject
Global
	GlobalSection(SolutionConfigurationPlatforms) = preSolution
		Debug|Any CPU = Debug|Any CPU
		Release|Any CPU = Release|Any CPU
	EndGlobalSection
	GlobalSection(ProjectConfigurationPlatforms) = postSolution
		{E187AFE6-975D-41DB-87FE-9B36BB10A917}.Debug|Any CPU.ActiveCfg = Debug|Any CPU
		{E187AFE6-975D-41DB-87FE-9B36BB10A917}.Debug|Any CPU.Build.0 = Debug|Any CPU
		{E187AFE6-975D-41DB-87FE-9B36BB10A917}.Release|Any CPU.ActiveCfg = Release|Any CPU
		{E187AFE6-975D-41DB-87FE-9B36BB10A917}.Release|Any CPU.Build.0 = Release|Any CPU
		{17629C26-40A1-4CA7-80E9-B69444E72CA1}.Debug|Any CPU.ActiveCfg = Debug|Any CPU
		{17629C26-40A1-4CA7-80E9-B69444E72CA1}.Debug|Any CPU.Build.0 = Debug|Any CPU
		{17629C26-40A1-4CA7-80E9-B69444E72CA1}.Release|Any CPU.ActiveCfg = Release|Any CPU
		{17629C26-40A1-4CA7-80E9-B69444E72CA1}.Release|Any CPU.Build.0 = Release|Any CPU
		{A83B187D-989F-4174-98DA-B853A4A633AB}.Debug|Any CPU.ActiveCfg = Debug|Any CPU
		{A83B187D-989F-4174-98DA-B853A4A633AB}.Debug|Any CPU.Build.0 = Debug|Any CPU
		{A83B187D-989F-4174-98DA-B853A4A633AB}.Release|Any CPU.ActiveCfg = Release|Any CPU
		{A83B187D-989F-4174-98DA-B853A4A633AB}.Release|Any CPU.Build.0 = Release|Any CPU
		{E75A952F-99C0-4B40-8CC2-E256B40DCFED}.Debug|Any CPU.ActiveCfg = Debug|Any CPU
		{E75A952F-99C0-4B40-8CC2-E256B40DCFED}.Debug|Any CPU.Build.0 = Debug|Any CPU
		{E75A952F-99C0-4B40-8CC2-E256B40DCFED}.Release|Any CPU.ActiveCfg = Release|Any CPU
		{E75A952F-99C0-4B40-8CC2-E256B40DCFED}.Release|Any CPU.Build.0 = Release|Any CPU
	EndGlobalSection
	GlobalSection(SolutionProperties) = preSolution
		HideSolutionNode = FALSE
	EndGlobalSection
	GlobalSection(ExtensibilityGlobals) = postSolution
		SolutionGuid = {221FEF25-4145-4AFB-82F3-9B060997F1A4}
	EndGlobalSection
EndGlobal
